
Microsoft Visual Studio Solution File, Format Version 12.00
# Visual Studio 14
VisualStudioVersion = 14.0.25420.1
MinimumVisualStudioVersion = 10.0.40219.1
Project("{FAE04EC0-301F-11D3-BF4B-00C04F79EFBC}") = "StrategyPattern", "StrategyPattern\StrategyPattern.csproj", "{8579C7EF-475A-4883-A8AF-9FDB66E28E8C}"
EndProject
Project("{FAE04EC0-301F-11D3-BF4B-00C04F79EFBC}") = "ObserverPattern", "ObserverPattern\ObserverPattern.csproj", "{7C843214-2889-408A-9764-5B2FD3AE4764}"
EndProject
Project("{FAE04EC0-301F-11D3-BF4B-00C04F79EFBC}") = "DecoratorPattern", "DecoratorPattern\DecoratorPattern.csproj", "{F674987D-762A-4D21-912E-DE3C852DDDB3}"
EndProject
Project("{FAE04EC0-301F-11D3-BF4B-00C04F79EFBC}") = "FactoryPattern", "FactoryPattern\FactoryPattern.csproj", "{C03ED844-C771-4151-BE29-78D93C6701D7}"
EndProject
Global
	GlobalSection(SolutionConfigurationPlatforms) = preSolution
		Debug|Any CPU = Debug|Any CPU
		Release|Any CPU = Release|Any CPU
	EndGlobalSection
	GlobalSection(ProjectConfigurationPlatforms) = postSolution
		{8579C7EF-475A-4883-A8AF-9FDB66E28E8C}.Debug|Any CPU.ActiveCfg = Debug|Any CPU
		{8579C7EF-475A-4883-A8AF-9FDB66E28E8C}.Debug|Any CPU.Build.0 = Debug|Any CPU
		{8579C7EF-475A-4883-A8AF-9FDB66E28E8C}.Release|Any CPU.ActiveCfg = Release|Any CPU
		{8579C7EF-475A-4883-A8AF-9FDB66E28E8C}.Release|Any CPU.Build.0 = Release|Any CPU
		{7C843214-2889-408A-9764-5B2FD3AE4764}.Debug|Any CPU.ActiveCfg = Debug|Any CPU
		{7C843214-2889-408A-9764-5B2FD3AE4764}.Debug|Any CPU.Build.0 = Debug|Any CPU
		{7C843214-2889-408A-9764-5B2FD3AE4764}.Release|Any CPU.ActiveCfg = Release|Any CPU
		{7C843214-2889-408A-9764-5B2FD3AE4764}.Release|Any CPU.Build.0 = Release|Any CPU
		{F674987D-762A-4D21-912E-DE3C852DDDB3}.Debug|Any CPU.ActiveCfg = Debug|Any CPU
		{F674987D-762A-4D21-912E-DE3C852DDDB3}.Debug|Any CPU.Build.0 = Debug|Any CPU
		{F674987D-762A-4D21-912E-DE3C852DDDB3}.Release|Any CPU.ActiveCfg = Release|Any CPU
		{F674987D-762A-4D21-912E-DE3C852DDDB3}.Release|Any CPU.Build.0 = Release|Any CPU
		{C03ED844-C771-4151-BE29-78D93C6701D7}.Debug|Any CPU.ActiveCfg = Debug|Any CPU
		{C03ED844-C771-4151-BE29-78D93C6701D7}.Debug|Any CPU.Build.0 = Debug|Any CPU
		{C03ED844-C771-4151-BE29-78D93C6701D7}.Release|Any CPU.ActiveCfg = Release|Any CPU
		{C03ED844-C771-4151-BE29-78D93C6701D7}.Release|Any CPU.Build.0 = Release|Any CPU
	EndGlobalSection
	GlobalSection(SolutionProperties) = preSolution
		HideSolutionNode = FALSE
	EndGlobalSection
EndGlobal
